
Microsoft Visual Studio Solution File, Format Version 12.00
# Visual Studio Version 17
VisualStudioVersion = 17.1.32228.430
MinimumVisualStudioVersion = 10.0.40219.1
Project("{FAE04EC0-301F-11D3-BF4B-00C04F79EFBC}") = "Ab104-12-10-23", "Ab104-12-10-23\Ab104-12-10-23.csproj", "{6536BE3D-BF3D-4451-9CF0-FEAB88C37BA4}"
EndProject
Global
	GlobalSection(SolutionConfigurationPlatforms) = preSolution
		Debug|Any CPU = Debug|Any CPU
		Release|Any CPU = Release|Any CPU
	EndGlobalSection
	GlobalSection(ProjectConfigurationPlatforms) = postSolution
		{6536BE3D-BF3D-4451-9CF0-FEAB88C37BA4}.Debug|Any CPU.ActiveCfg = Debug|Any CPU
		{6536BE3D-BF3D-4451-9CF0-FEAB88C37BA4}.Debug|Any CPU.Build.0 = Debug|Any CPU
		{6536BE3D-BF3D-4451-9CF0-FEAB88C37BA4}.Release|Any CPU.ActiveCfg = Release|Any CPU
		{6536BE3D-BF3D-4451-9CF0-FEAB88C37BA4}.Release|Any CPU.Build.0 = Release|Any CPU
	EndGlobalSection
	GlobalSection(SolutionProperties) = preSolution
		HideSolutionNode = FALSE
	EndGlobalSection
	GlobalSection(ExtensibilityGlobals) = postSolution
		SolutionGuid = {F82018B4-F23D-4284-BB97-A46656AA7F7A}
	EndGlobalSection
EndGlobal
